
Microsoft Visual Studio Solution File, Format Version 12.00
# Visual Studio 14
VisualStudioVersion = 14.0.25420.1
MinimumVisualStudioVersion = 10.0.40219.1
Project("{FAE04EC0-301F-11D3-BF4B-00C04F79EFBC}") = "ReCaptcha.Net", "src\ReCaptcha.Net\ReCaptcha.Net.csproj", "{DA30F3C9-6C2F-416F-BAAC-50FF15F45584}"
EndProject
Project("{E24C65DC-7377-472B-9ABA-BC803B73C61A}") = "ReCaptcha.Example", "src\ReCaptcha.Example\", "{126F6C35-875B-47BF-9ED6-9063A73BE20B}"
	ProjectSection(WebsiteProperties) = preProject
		TargetFrameworkMoniker = ".NETFramework,Version%3Dv4.0"
		ProjectReferences = "{da30f3c9-6c2f-416f-baac-50ff15f45584}|ReCaptcha.Net.dll;"
		Debug.AspNetCompiler.VirtualPath = "/localhost_25790"
		Debug.AspNetCompiler.PhysicalPath = "src\ReCaptcha.Example\"
		Debug.AspNetCompiler.TargetPath = "PrecompiledWeb\localhost_25790\"
		Debug.AspNetCompiler.Updateable = "true"
		Debug.AspNetCompiler.ForceOverwrite = "true"
		Debug.AspNetCompiler.FixedNames = "false"
		Debug.AspNetCompiler.Debug = "True"
		Release.AspNetCompiler.VirtualPath = "/localhost_25790"
		Release.AspNetCompiler.PhysicalPath = "src\ReCaptcha.Example\"
		Release.AspNetCompiler.TargetPath = "PrecompiledWeb\localhost_25790\"
		Release.AspNetCompiler.Updateable = "true"
		Release.AspNetCompiler.ForceOverwrite = "true"
		Release.AspNetCompiler.FixedNames = "false"
		Release.AspNetCompiler.Debug = "False"
		VWDPort = "25790"
		SlnRelativePath = "src\ReCaptcha.Example\"
		DefaultWebSiteLanguage = "Visual C#"
	EndProjectSection
EndProject
Global
	GlobalSection(SolutionConfigurationPlatforms) = preSolution
		Debug|Any CPU = Debug|Any CPU
		Release|Any CPU = Release|Any CPU
	EndGlobalSection
	GlobalSection(ProjectConfigurationPlatforms) = postSolution
		{DA30F3C9-6C2F-416F-BAAC-50FF15F45584}.Debug|Any CPU.ActiveCfg = Debug|Any CPU
		{DA30F3C9-6C2F-416F-BAAC-50FF15F45584}.Debug|Any CPU.Build.0 = Debug|Any CPU
		{DA30F3C9-6C2F-416F-BAAC-50FF15F45584}.Release|Any CPU.ActiveCfg = Release|Any CPU
		{DA30F3C9-6C2F-416F-BAAC-50FF15F45584}.Release|Any CPU.Build.0 = Release|Any CPU
		{126F6C35-875B-47BF-9ED6-9063A73BE20B}.Debug|Any CPU.ActiveCfg = Debug|Any CPU
		{126F6C35-875B-47BF-9ED6-9063A73BE20B}.Debug|Any CPU.Build.0 = Debug|Any CPU
		{126F6C35-875B-47BF-9ED6-9063A73BE20B}.Release|Any CPU.ActiveCfg = Debug|Any CPU
		{126F6C35-875B-47BF-9ED6-9063A73BE20B}.Release|Any CPU.Build.0 = Debug|Any CPU
	EndGlobalSection
	GlobalSection(SolutionProperties) = preSolution
		HideSolutionNode = FALSE
	EndGlobalSection
EndGlobal
